
Microsoft Visual Studio Solution File, Format Version 12.00
# Visual Studio 15
VisualStudioVersion = 15.0.28307.1231
MinimumVisualStudioVersion = 10.0.40219.1
Project("{FAE04EC0-301F-11D3-BF4B-00C04F79EFBC}") = "ttttt", "ttttt\ttttt.csproj", "{BEE5D019-5A70-421E-B0DC-36D7F9BEA627}"
EndProject
Global
	GlobalSection(SolutionConfigurationPlatforms) = preSolution
		Debug|Any CPU = Debug|Any CPU
		Release|Any CPU = Release|Any CPU
	EndGlobalSection
	GlobalSection(ProjectConfigurationPlatforms) = postSolution
		{BEE5D019-5A70-421E-B0DC-36D7F9BEA627}.Debug|Any CPU.ActiveCfg = Debug|Any CPU
		{BEE5D019-5A70-421E-B0DC-36D7F9BEA627}.Debug|Any CPU.Build.0 = Debug|Any CPU
		{BEE5D019-5A70-421E-B0DC-36D7F9BEA627}.Release|Any CPU.ActiveCfg = Release|Any CPU
		{BEE5D019-5A70-421E-B0DC-36D7F9BEA627}.Release|Any CPU.Build.0 = Release|Any CPU
	EndGlobalSection
	GlobalSection(SolutionProperties) = preSolution
		HideSolutionNode = FALSE
	EndGlobalSection
	GlobalSection(ExtensibilityGlobals) = postSolution
		SolutionGuid = {BC120A69-6675-4D5E-986C-5B19F5002C83}
	EndGlobalSection
EndGlobal
